
Microsoft Visual Studio Solution File, Format Version 12.00
# Visual Studio Version 17
VisualStudioVersion = 17.2.32526.322
MinimumVisualStudioVersion = 10.0.40219.1
Project("{FAE04EC0-301F-11D3-BF4B-00C04F79EFBC}") = "BudnikSaveEyes", "BudnikSaveEyes\BudnikSaveEyes.csproj", "{1A2436DC-1387-4AFB-8C75-3BE6BB192357}"
EndProject
Global
	GlobalSection(SolutionConfigurationPlatforms) = preSolution
		Debug|Any CPU = Debug|Any CPU
		Release|Any CPU = Release|Any CPU
	EndGlobalSection
	GlobalSection(ProjectConfigurationPlatforms) = postSolution
		{1A2436DC-1387-4AFB-8C75-3BE6BB192357}.Debug|Any CPU.ActiveCfg = Debug|Any CPU
		{1A2436DC-1387-4AFB-8C75-3BE6BB192357}.Debug|Any CPU.Build.0 = Debug|Any CPU
		{1A2436DC-1387-4AFB-8C75-3BE6BB192357}.Release|Any CPU.ActiveCfg = Release|Any CPU
		{1A2436DC-1387-4AFB-8C75-3BE6BB192357}.Release|Any CPU.Build.0 = Release|Any CPU
	EndGlobalSection
	GlobalSection(SolutionProperties) = preSolution
		HideSolutionNode = FALSE
	EndGlobalSection
	GlobalSection(ExtensibilityGlobals) = postSolution
		SolutionGuid = {4423FE78-3350-4EA9-96E6-2C6CFE7D3984}
	EndGlobalSection
EndGlobal
